
Microsoft Visual Studio Solution File, Format Version 12.00
# Visual Studio Version 17
VisualStudioVersion = 17.9.34723.18
MinimumVisualStudioVersion = 10.0.40219.1
Project("{FAE04EC0-301F-11D3-BF4B-00C04F79EFBC}") = "MIPS_Emulator_SF", "MIPS_Emulator_SF\MIPS_Emulator_SF.csproj", "{3C870401-486B-45A5-9E0A-93F72B764A94}"
EndProject
Global
	GlobalSection(SolutionConfigurationPlatforms) = preSolution
		Debug|Any CPU = Debug|Any CPU
		Release|Any CPU = Release|Any CPU
	EndGlobalSection
	GlobalSection(ProjectConfigurationPlatforms) = postSolution
		{3C870401-486B-45A5-9E0A-93F72B764A94}.Debug|Any CPU.ActiveCfg = Debug|Any CPU
		{3C870401-486B-45A5-9E0A-93F72B764A94}.Debug|Any CPU.Build.0 = Debug|Any CPU
		{3C870401-486B-45A5-9E0A-93F72B764A94}.Release|Any CPU.ActiveCfg = Release|Any CPU
		{3C870401-486B-45A5-9E0A-93F72B764A94}.Release|Any CPU.Build.0 = Release|Any CPU
	EndGlobalSection
	GlobalSection(SolutionProperties) = preSolution
		HideSolutionNode = FALSE
	EndGlobalSection
	GlobalSection(ExtensibilityGlobals) = postSolution
		SolutionGuid = {02716102-B603-416F-94DB-66CAEF1D7A28}
	EndGlobalSection
EndGlobal
